{
  "requires": true,
  "lockfileVersion": 1,
  "dependencies": {
    "brain": {
      "version": "1.0.0",
      "resolved": "https://registry.npmjs.org/brain/-/brain-1.0.0.tgz",
      "integrity": "sha512-0+IzJ2IRefmRFe6wF3zn/Btu6+8Z2pYsTmWISwssDEwP8A0FUJPzGrAVICKs4+1jSghxTzt95BXZjD3o5fr2sQ=="
    }
  }
}
